version = 1
revision = 3
requires-python = ">=3.12"

[[package]]
name = "colorama"
version = "0.4.6"
source = { registry = "https://pypi.org/simple" }
sdist = { url = "https://files.pythonhosted.org/packages/d8/53/6f443c9a4a8358a93a6792e2acffb9d9d5cb0a5cfd8802644b7b1c9a02e4/colorama-0.4.6.tar.gz", hash = "sha256:08695f5cb7ed6e0531a20572697297273c47b8cae5a63ffc6d6ed5c201be6e44", size = 27697, upload-time = "2022-10-25T02:36:22.414Z" }
wheels = [
    { url = "https://files.pythonhosted.org/packages/d1/d6/3965ed04c63042e047cb6a3e6ed1a63a35087b6a609aa3a15ed8ac56c221/colorama-0.4.6-py2.py3-none-any.whl", hash = "sha256:4f1d9991f5acc0ca119f9d443620b77f9d6b33703e51011c16baf57afb285fc6", size = 25335, upload-time = "2022-10-25T02:36:20.889Z" },
]

[[package]]
name = "duckdb"
version = "1.4.3"
source = { registry = "https://pypi.org/simple" }
sdist = { url = "https://files.pythonhosted.org/packages/7f/da/17c3eb5458af69d54dedc8d18e4a32ceaa8ce4d4c699d45d6d8287e790c3/duckdb-1.4.3.tar.gz", hash = "sha256:fea43e03604c713e25a25211ada87d30cd2a044d8f27afab5deba26ac49e5268", size = 18478418, upload-time = "2025-12-09T10:59:22.945Z" }
wheels = [
    { url = "https://files.pythonhosted.org/packages/5a/d7/fdc2139b94297fc5659110a38adde293d025e320673ae5e472b95d323c50/duckdb-1.4.3-cp312-cp312-macosx_10_13_universal2.whl", hash = "sha256:6302452e57aef29aae3977063810ed7b2927967b97912947b9cca45c1c21955f", size = 29033112, upload-time = "2025-12-09T10:58:16.52Z" },
    { url = "https://files.pythonhosted.org/packages/eb/d9/ca93df1ce19aef8f799e3aaacf754a4dde7e9169c0b333557752d21d076a/duckdb-1.4.3-cp312-cp312-macosx_10_13_x86_64.whl", hash = "sha256:deab351ac43b6282a3270e3d40e3d57b3b50f472d9fd8c30975d88a31be41231", size = 15414646, upload-time = "2025-12-09T10:58:19.36Z" },
    { url = "https://files.pythonhosted.org/packages/16/90/9f2748e740f5fc05b739e7c5c25aab6ab4363e5da4c3c70419c7121dc806/duckdb-1.4.3-cp312-cp312-macosx_11_0_arm64.whl", hash = "sha256:5634e40e1e2d972e4f75bced1fbdd9e9e90faa26445c1052b27de97ee546944a", size = 13740477, upload-time = "2025-12-09T10:58:21.778Z" },
    { url = "https://files.pythonhosted.org/packages/5f/ec/279723615b4fb454efd823b7efe97cf2504569e2e74d15defbbd6b027901/duckdb-1.4.3-cp312-cp312-manylinux_2_26_aarch64.manylinux_2_28_aarch64.whl", hash = "sha256:274d4a31aba63115f23e7e7b401e3e3a937f3626dc9dea820a9c7d3073f450d2", size = 18483715, upload-time = "2025-12-09T10:58:24.346Z" },
    { url = "https://files.pythonhosted.org/packages/10/63/af20cd20fd7fd6565ea5a1578c16157b6a6e07923e459a6f9b0dc9ada308/duckdb-1.4.3-cp312-cp312-manylinux_2_26_x86_64.manylinux_2_28_x86_64.whl", hash = "sha256:4f868a7e6d9b37274a1aa34849ea92aa964e9bd59a5237d6c17e8540533a1e4f", size = 20495188, upload-time = "2025-12-09T10:58:26.806Z" },
    { url = "https://files.pythonhosted.org/packages/8c/ab/0acb4b64afb2cc6c1d458a391c64e36be40137460f176c04686c965ce0e0/duckdb-1.4.3-cp312-cp312-win_amd64.whl", hash = "sha256:ef7ef15347ce97201b1b5182a5697682679b04c3374d5a01ac10ba31cf791b95", size = 12335622, upload-time = "2025-12-09T10:58:29.707Z" },
    { url = "https://files.pythonhosted.org/packages/50/d5/2a795745f6597a5e65770141da6efdc4fd754e5ee6d652f74bcb7f9c7759/duckdb-1.4.3-cp312-cp312-win_arm64.whl", hash = "sha256:1b9b445970fd18274d5ac07a0b24c032e228f967332fb5ebab3d7db27738c0e4", size = 13075834, upload-time = "2025-12-09T10:58:32.036Z" },
    { url = "https://files.pythonhosted.org/packages/fd/76/288cca43a10ddd082788e1a71f1dc68d9130b5d078c3ffd0edf2f3a8719f/duckdb-1.4.3-cp313-cp313-macosx_10_13_universal2.whl", hash = "sha256:16952ac05bd7e7b39946695452bf450db1ebbe387e1e7178e10f593f2ea7b9a8", size = 29033392, upload-time = "2025-12-09T10:58:34.631Z" },
    { url = "https://files.pythonhosted.org/packages/64/07/cbad3d3da24af4d1add9bccb5fb390fac726ffa0c0cebd29bf5591cef334/duckdb-1.4.3-cp313-cp313-macosx_10_13_x86_64.whl", hash = "sha256:de984cd24a6cbefdd6d4a349f7b9a46e583ca3e58ce10d8def0b20a6e5fcbe78", size = 15414567, upload-time = "2025-12-09T10:58:37.051Z" },
    { url = "https://files.pythonhosted.org/packages/c4/19/57af0cc66ba2ffb8900f567c9aec188c6ab2a7b3f2260e9c6c3c5f9b57b1/duckdb-1.4.3-cp313-cp313-macosx_11_0_arm64.whl", hash = "sha256:1e5457dda91b67258aae30fb1a0df84183a9f6cd27abac1d5536c0d876c6dfa1", size = 13740960, upload-time = "2025-12-09T10:58:39.658Z" },
    { url = "https://files.pythonhosted.org/packages/73/dd/23152458cf5fd51e813fadda60b9b5f011517634aa4bb9301f5f3aa951d8/duckdb-1.4.3-cp313-cp313-manylinux_2_26_aarch64.manylinux_2_28_aarch64.whl", hash = "sha256:006aca6a6d6736c441b02ff5c7600b099bb8b7f4de094b8b062137efddce42df", size = 18484312, upload-time = "2025-12-09T10:58:42.054Z" },
    { url = "https://files.pythonhosted.org/packages/1a/7b/adf3f611f11997fc429d4b00a730604b65d952417f36a10c4be6e38e064d/duckdb-1.4.3-cp313-cp313-manylinux_2_26_x86_64.manylinux_2_28_x86_64.whl", hash = "sha256:a2813f4635f4d6681cc3304020374c46aca82758c6740d7edbc237fe3aae2744", size = 20495571, upload-time = "2025-12-09T10:58:44.646Z" },
    { url = "https://files.pythonhosted.org/packages/40/d5/6b7ddda7713a788ab2d622c7267ec317718f2bdc746ce1fca49b7ff0e50f/duckdb-1.4.3-cp313-cp313-win_amd64.whl", hash = "sha256:6db124f53a3edcb32b0a896ad3519e37477f7e67bf4811cb41ab60c1ef74e4c8", size = 12335680, upload-time = "2025-12-09T10:58:46.883Z" },
    { url = "https://files.pythonhosted.org/packages/e8/28/0670135cf54525081fded9bac1254f78984e3b96a6059cd15aca262e3430/duckdb-1.4.3-cp313-cp313-win_arm64.whl", hash = "sha256:a8b0a8764e1b5dd043d168c8f749314f7a1252b5a260fa415adaa26fa3b958fd", size = 13075161, upload-time = "2025-12-09T10:58:49.47Z" },
    { url = "https://files.pythonhosted.org/packages/b6/f4/a38651e478fa41eeb8e43a0a9c0d4cd8633adea856e3ac5ac95124b0fdbf/duckdb-1.4.3-cp314-cp314-macosx_10_15_universal2.whl", hash = "sha256:316711a9e852bcfe1ed6241a5f654983f67e909e290495f3562cccdf43be8180", size = 29042272, upload-time = "2025-12-09T10:58:51.826Z" },
    { url = "https://files.pythonhosted.org/packages/16/de/2cf171a66098ce5aeeb7371511bd2b3d7b73a2090603b0b9df39f8aaf814/duckdb-1.4.3-cp314-cp314-macosx_10_15_x86_64.whl", hash = "sha256:9e625b2b4d52bafa1fd0ebdb0990c3961dac8bb00e30d327185de95b68202131", size = 15419343, upload-time = "2025-12-09T10:58:54.439Z" },
    { url = "https://files.pythonhosted.org/packages/35/28/6b0a7830828d4e9a37420d87e80fe6171d2869a9d3d960bf5d7c3b8c7ee4/duckdb-1.4.3-cp314-cp314-macosx_11_0_arm64.whl", hash = "sha256:130c6760f6c573f9c9fe9aba56adba0fab48811a4871b7b8fd667318b4a3e8da", size = 13748905, upload-time = "2025-12-09T10:58:56.656Z" },
    { url = "https://files.pythonhosted.org/packages/15/4d/778628e194d63967870873b9581c8a6b4626974aa4fbe09f32708a2d3d3a/duckdb-1.4.3-cp314-cp314-manylinux_2_26_aarch64.manylinux_2_28_aarch64.whl", hash = "sha256:20c88effaa557a11267706b01419c542fe42f893dee66e5a6daa5974ea2d4a46", size = 18487261, upload-time = "2025-12-09T10:58:58.866Z" },
    { url = "https://files.pythonhosted.org/packages/c6/5f/87e43af2e4a0135f9675449563e7c2f9b6f1fe6a2d1691c96b091f3904dd/duckdb-1.4.3-cp314-cp314-manylinux_2_26_x86_64.manylinux_2_28_x86_64.whl", hash = "sha256:1b35491db98ccd11d151165497c084a9d29d3dc42fc80abea2715a6c861ca43d", size = 20497138, upload-time = "2025-12-09T10:59:01.241Z" },
    { url = "https://files.pythonhosted.org/packages/94/41/abec537cc7c519121a2a83b9a6f180af8915fabb433777dc147744513e74/duckdb-1.4.3-cp314-cp314-win_amd64.whl", hash = "sha256:23b12854032c1a58d0452e2b212afa908d4ce64171862f3792ba9a596ba7c765", size = 12836056, upload-time = "2025-12-09T10:59:03.388Z" },
    { url = "https://files.pythonhosted.org/packages/b1/5a/8af5b96ce5622b6168854f479ce846cf7fb589813dcc7d8724233c37ded3/duckdb-1.4.3-cp314-cp314-win_arm64.whl", hash = "sha256:90f241f25cffe7241bf9f376754a5845c74775e00e1c5731119dc88cd71e0cb2", size = 13527759, upload-time = "2025-12-09T10:59:05.496Z" },
]

[[package]]
name = "iniconfig"
version = "2.3.0"
source = { registry = "https://pypi.org/simple" }
sdist = { url = "https://files.pythonhosted.org/packages/72/34/14ca021ce8e5dfedc35312d08ba8bf51fdd999c576889fc2c24cb97f4f10/iniconfig-2.3.0.tar.gz", hash = "sha256:c76315c77db068650d49c5b56314774a7804df16fee4402c1f19d6d15d8c4730", size = 20503, upload-time = "2025-10-18T21:55:43.219Z" }
wheels = [
    { url = "https://files.pythonhosted.org/packages/cb/b1/3846dd7f199d53cb17f49cba7e651e9ce294d8497c8c150530ed11865bb8/iniconfig-2.3.0-py3-none-any.whl", hash = "sha256:f631c04d2c48c52b84d0d0549c99ff3859c98df65b3101406327ecc7d53fbf12", size = 7484, upload-time = "2025-10-18T21:55:41.639Z" },
]

[[package]]
name = "packaging"
version = "26.2"
source = { registry = "https://pypi.org/simple" }
sdist = { url = "https://files.pythonhosted.org/packages/d7/f1/e7a6dd94a8d4a5626c03e4e99c87f241ba9e350cd9e6d75123f992427270/packaging-26.2.tar.gz", hash = "sha256:ff452ff5a3e828ce110190feff1178bb1f2ea2281fa2075aadb987c2fb221661", size = 228134, upload-time = "2026-04-24T20:15:23.917Z" }
wheels = [
    { url = "https://files.pythonhosted.org/packages/df/b2/87e62e8c3e2f4b32e5fe99e0b86d576da1312593b39f47d8ceef365e95ed/packaging-26.2-py3-none-any.whl", hash = "sha256:5fc45236b9446107ff2415ce77c807cee2862cb6fac22b8a73826d0693b0980e", size = 100195, upload-time = "2026-04-24T20:15:22.081Z" },
]

[[package]]
name = "pluggy"
version = "1.6.0"
source = { registry = "https://pypi.org/simple" }
sdist = { url = "https://files.pythonhosted.org/packages/f9/e2/3e91f31a7d2b083fe6ef3fa267035b518369d9511ffab804f839851d2779/pluggy-1.6.0.tar.gz", hash = "sha256:7dcc130b76258d33b90f61b658791dede3486c3e6bfb003ee5c9bfb396dd22f3", size = 69412, upload-time = "2025-05-15T12:30:07.975Z" }
wheels = [
    { url = "https://files.pythonhosted.org/packages/54/20/4d324d65cc6d9205fabedc306948156824eb9f0ee1633355a8f7ec5c66bf/pluggy-1.6.0-py3-none-any.whl", hash = "sha256:e920276dd6813095e9377c0bc5566d94c932c33b27a3e3945d8389c374dd4746", size = 20538, upload-time = "2025-05-15T12:30:06.134Z" },
]

[[package]]
name = "pygments"
version = "2.20.0"
source = { registry = "https://pypi.org/simple" }
sdist = { url = "https://files.pythonhosted.org/packages/c3/b2/bc9c9196916376152d655522fdcebac55e66de6603a76a02bca1b6414f6c/pygments-2.20.0.tar.gz", hash = "sha256:6757cd03768053ff99f3039c1a36d6c0aa0b263438fcab17520b30a303a82b5f", size = 4955991, upload-time = "2026-03-29T13:29:33.898Z" }
wheels = [
    { url = "https://files.pythonhosted.org/packages/f4/7e/a72dd26f3b0f4f2bf1dd8923c85f7ceb43172af56d63c7383eb62b332364/pygments-2.20.0-py3-none-any.whl", hash = "sha256:81a9e26dd42fd28a23a2d169d86d7ac03b46e2f8b59ed4698fb4785f946d0176", size = 1231151, upload-time = "2026-03-29T13:29:30.038Z" },
]

[[package]]
name = "pytest"
version = "9.0.2"
source = { registry = "https://pypi.org/simple" }
dependencies = [
    { name = "colorama", marker = "sys_platform == 'win32'" },
    { name = "iniconfig" },
    { name = "packaging" },
    { name = "pluggy" },
    { name = "pygments" },
]
sdist = { url = "https://files.pythonhosted.org/packages/d1/db/7ef3487e0fb0049ddb5ce41d3a49c235bf9ad299b6a25d5780a89f19230f/pytest-9.0.2.tar.gz", hash = "sha256:75186651a92bd89611d1d9fc20f0b4345fd827c41ccd5c299a868a05d70edf11", size = 1568901, upload-time = "2025-12-06T21:30:51.014Z" }
wheels = [
    { url = "https://files.pythonhosted.org/packages/3b/ab/b3226f0bd7cdcf710fbede2b3548584366da3b19b5021e74f5bde2a8fa3f/pytest-9.0.2-py3-none-any.whl", hash = "sha256:711ffd45bf766d5264d487b917733b453d917afd2b0ad65223959f59089f875b", size = 374801, upload-time = "2025-12-06T21:30:49.154Z" },
]

[[package]]
name = "tennislab"
version = "0.1.0"
source = { editable = "." }
dependencies = [
    { name = "duckdb" },
]

[package.dev-dependencies]
dev = [
    { name = "pytest" },
]

[package.metadata]
requires-dist = [{ name = "duckdb", specifier = "==1.4.3" }]

[package.metadata.requires-dev]
dev = [{ name = "pytest", specifier = "==9.0.2" }]
