version = 1
revision = 3
requires-python = ">=3.12"

[[package]]
name = "colorama"
version = "0.4.6"
source = { registry = "https://pypi.org/simple" }
sdist = { url = "https://files.pythonhosted.org/packages/d8/53/6f443c9a4a8358a93a6792e2acffb9d9d5cb0a5cfd8802644b7b1c9a02e4/colorama-0.4.6.tar.gz", hash = "sha256:08695f5cb7ed6e0531a20572697297273c47b8cae5a63ffc6d6ed5c201be6e44", size = 27697, upload-time = "2022-10-25T02:36:22.414Z" }
wheels = [
    { url = "https://files.pythonhosted.org/packages/d1/d6/3965ed04c63042e047cb6a3e6ed1a63a35087b6a609aa3a15ed8ac56c221/colorama-0.4.6-py2.py3-none-any.whl", hash = "sha256:4f1d9991f5acc0ca119f9d443620b77f9d6b33703e51011c16baf57afb285fc6", size = 25335, upload-time = "2022-10-25T02:36:20.889Z" },
]

[[package]]
name = "duckdb"
version = "1.4.3"
source = { registry = "https://pypi.org/simple" }
sdist = { url = "https://files.pythonhosted.org/packages/7f/da/17c3eb5458af69d54dedc8d18e4a32ceaa8ce4d4c699d45d6d8287e790c3/duckdb-1.4.3.tar.gz", hash = "sha256:fea43e03604c713e25a25211ada87d30cd2a044d8f27afab5deba26ac49e5268", size = 18478418, upload-time = "2025-12-09T10:59:22.945Z" }
wheels = [
    { url = "https://files.pythonhosted.org/packages/5a/d7/fdc2139b94297fc5659110a38adde293d025e320673ae5e472b95d323c50/duckdb-1.4.3-cp312-cp312-macosx_10_13_universal2.whl", hash = "sha256:6302452e57aef29aae3977063810ed7b2927967b97912947b9cca45c1c21955f", size = 29033112, upload-time = "2025-12-09T10:58:16.52Z" },
    { url = "https://files.pythonhosted.org/packages/eb/d9/ca93df1ce19aef8f799e3aaacf754a4dde7e9169c0b333557752d21d076a/duckdb-1.4.3-cp312-cp312-macosx_10_13_x86_64.whl", hash = "sha256:deab351ac43b6282a3270e3d40e3d57b3b50f472d9fd8c30975d88a31be41231", size = 15414646, upload-time = "2025-12-09T10:58:19.36Z" },
    { url = "https://files.pythonhosted.org/packages/16/90/9f2748e740f5fc05b739e7c5c25aab6ab4363e5da4c3c70419c7121dc806/duckdb-1.4.3-cp312-cp312-macosx_11_0_arm64.whl", hash = "sha256:5634e40e1e2d972e4f75bced1fbdd9e9e90faa26445c1052b27de97ee546944a", size = 13740477, upload-time = "2025-12-09T10:58:21.778Z" },
    { url = "https://files.pythonhosted.org/packages/5f/ec/279723615b4fb454efd823b7efe97cf2504569e2e74d15defbbd6b027901/duckdb-1.4.3-cp312-cp312-manylinux_2_26_aarch64.manylinux_2_28_aarch64.whl", hash = "sha256:274d4a31aba63115f23e7e7b401e3e3a937f3626dc9dea820a9c7d3073f450d2", size = 18483715, upload-time = "2025-12-09T10:58:24.346Z" },
    { url = "https://files.pythonhosted.org/packages/10/63/af20cd20fd7fd6565ea5a1578c16157b6a6e07923e459a6f9b0dc9ada308/duckdb-1.4.3-cp312-cp312-manylinux_2_26_x86_64.manylinux_2_28_x86_64.whl", hash = "sha256:4f868a7e6d9b37274a1aa34849ea92aa964e9bd59a5237d6c17e8540533a1e4f", size = 20495188, upload-time = "2025-12-09T10:58:26.806Z" },
    { url = "https://files.pythonhosted.org/packages/8c/ab/0acb4b64afb2cc6c1d458a391c64e36be40137460f176c04686c965ce0e0/duckdb-1.4.3-cp312-cp312-win_amd64.whl", hash = "sha256:ef7ef15347ce97201b1b5182a5697682679b04c3374d5a01ac10ba31cf791b95", size = 12335622, upload-time = "2025-12-09T10:58:29.707Z" },
    { url = "https://files.pythonhosted.org/packages/50/d5/2a795745f6597a5e65770141da6efdc4fd754e5ee6d652f74bcb7f9c7759/duckdb-1.4.3-cp312-cp312-win_arm64.whl", hash = "sha256:1b9b445970fd18274d5ac07a0b24c032e228f967332fb5ebab3d7db27738c0e4", size = 13075834, upload-time = "2025-12-09T10:58:32.036Z" },
    { url = "https://files.pythonhosted.org/packages/fd/76/288cca43a10ddd082788e1a71f1dc68d9130b5d078c3ffd0edf2f3a8719f/duckdb-1.4.3-cp313-cp313-macosx_10_13_universal2.whl", hash = "sha256:16952ac05bd7e7b39946695452bf450db1ebbe387e1e7178e10f593f2ea7b9a8", size = 29033392, upload-time = "2025-12-09T10:58:34.631Z" },
    { url = "https://files.pythonhosted.org/packages/64/07/cbad3d3da24af4d1add9bccb5fb390fac726ffa0c0cebd29bf5591cef334/duckdb-1.4.3-cp313-cp313-macosx_10_13_x86_64.whl", hash = "sha256:de984cd24a6cbefdd6d4a349f7b9a46e583ca3e58ce10d8def0b20a6e5fcbe78", size = 15414567, upload-time = "2025-12-09T10:58:37.051Z" },
    { url = "https://files.pythonhosted.org/packages/c4/19/57af0cc66ba2ffb8900f567c9aec188c6ab2a7b3f2260e9c6c3c5f9b57b1/duckdb-1.4.3-cp313-cp313-macosx_11_0_arm64.whl", hash = "sha256:1e5457dda91b67258aae30fb1a0df84183a9f6cd27abac1d5536c0d876c6dfa1", size = 13740960, upload-time = "2025-12-09T10:58:39.658Z" },
    { url = "https://files.pythonhosted.org/packages/73/dd/23152458cf5fd51e813fadda60b9b5f011517634aa4bb9301f5f3aa951d8/duckdb-1.4.3-cp313-cp313-manylinux_2_26_aarch64.manylinux_2_28_aarch64.whl", hash = "sha256:006aca6a6d6736c441b02ff5c7600b099bb8b7f4de094b8b062137efddce42df", size = 18484312, upload-time = "2025-12-09T10:58:42.054Z" },
    { url = "https://files.pythonhosted.org/packages/1a/7b/adf3f611f11997fc429d4b00a730604b65d952417f36a10c4be6e38e064d/duckdb-1.4.3-cp313-cp313-manylinux_2_26_x86_64.manylinux_2_28_x86_64.whl", hash = "sha256:a2813f4635f4d6681cc3304020374c46aca82758c6740d7edbc237fe3aae2744", size = 20495571, upload-time = "2025-12-09T10:58:44.646Z" },
    { url = "https://files.pythonhosted.org/packages/40/d5/6b7ddda7713a788ab2d622c7267ec317718f2bdc746ce1fca49b7ff0e50f/duckdb-1.4.3-cp313-cp313-win_amd64.whl", hash = "sha256:6db124f53a3edcb32b0a896ad3519e37477f7e67bf4811cb41ab60c1ef74e4c8", size = 12335680, upload-time = "2025-12-09T10:58:46.883Z" },
    { url = "https://files.pythonhosted.org/packages/e8/28/0670135cf54525081fded9bac1254f78984e3b96a6059cd15aca262e3430/duckdb-1.4.3-cp313-cp313-win_arm64.whl", hash = "sha256:a8b0a8764e1b5dd043d168c8f749314f7a1252b5a260fa415adaa26fa3b958fd", size = 13075161, upload-time = "2025-12-09T10:58:49.47Z" },
    { url = "https://files.pythonhosted.org/packages/b6/f4/a38651e478fa41eeb8e43a0a9c0d4cd8633adea856e3ac5ac95124b0fdbf/duckdb-1.4.3-cp314-cp314-macosx_10_15_universal2.whl", hash = "sha256:316711a9e852bcfe1ed6241a5f654983f67e909e290495f3562cccdf43be8180", size = 29042272, upload-time = "2025-12-09T10:58:51.826Z" },
    { url = "https://files.pythonhosted.org/packages/16/de/2cf171a66098ce5aeeb7371511bd2b3d7b73a2090603b0b9df39f8aaf814/duckdb-1.4.3-cp314-cp314-macosx_10_15_x86_64.whl", hash = "sha256:9e625b2b4d52bafa1fd0ebdb0990c3961dac8bb00e30d327185de95b68202131", size = 15419343, upload-time = "2025-12-09T10:58:54.439Z" },
    { url = "https://files.pythonhosted.org/packages/35/28/6b0a7830828d4e9a37420d87e80fe6171d2869a9d3d960bf5d7c3b8c7ee4/duckdb-1.4.3-cp314-cp314-macosx_11_0_arm64.whl", hash = "sha256:130c6760f6c573f9c9fe9aba56adba0fab48811a4871b7b8fd667318b4a3e8da", size = 13748905, upload-time = "2025-12-09T10:58:56.656Z" },
    { url = "https://files.pythonhosted.org/packages/15/4d/778628e194d63967870873b9581c8a6b4626974aa4fbe09f32708a2d3d3a/duckdb-1.4.3-cp314-cp314-manylinux_2_26_aarch64.manylinux_2_28_aarch64.whl", hash = "sha256:20c88effaa557a11267706b01419c542fe42f893dee66e5a6daa5974ea2d4a46", size = 18487261, upload-time = "2025-12-09T10:58:58.866Z" },
    { url = "https://files.pythonhosted.org/packages/c6/5f/87e43af2e4a0135f9675449563e7c2f9b6f1fe6a2d1691c96b091f3904dd/duckdb-1.4.3-cp314-cp314-manylinux_2_26_x86_64.manylinux_2_28_x86_64.whl", hash = "sha256:1b35491db98ccd11d151165497c084a9d29d3dc42fc80abea2715a6c861ca43d", size = 20497138, upload-time = "2025-12-09T10:59:01.241Z" },
    { url = "https://files.pythonhosted.org/packages/94/41/abec537cc7c519121a2a83b9a6f180af8915fabb433777dc147744513e74/duckdb-1.4.3-cp314-cp314-win_amd64.whl", hash = "sha256:23b12854032c1a58d0452e2b212afa908d4ce64171862f3792ba9a596ba7c765", size = 12836056, upload-time = "2025-12-09T10:59:03.388Z" },
    { url = "https://files.pythonhosted.org/packages/b1/5a/8af5b96ce5622b6168854f479ce846cf7fb589813dcc7d8724233c37ded3/duckdb-1.4.3-cp314-cp314-win_arm64.whl", hash = "sha256:90f241f25cffe7241bf9f376754a5845c74775e00e1c5731119dc88cd71e0cb2", size = 13527759, upload-time = "2025-12-09T10:59:05.496Z" },
]

[[package]]
name = "iniconfig"
version = "2.3.0"
source = { registry = "https://pypi.org/simple" }
sdist = { url = "https://files.pythonhosted.org/packages/72/34/14ca021ce8e5dfedc35312d08ba8bf51fdd999c576889fc2c24cb97f4f10/iniconfig-2.3.0.tar.gz", hash = "sha256:c76315c77db068650d49c5b56314774a7804df16fee4402c1f19d6d15d8c4730", size = 20503, upload-time = "2025-10-18T21:55:43.219Z" }
wheels = [
    { url = "https://files.pythonhosted.org/packages/cb/b1/3846dd7f199d53cb17f49cba7e651e9ce294d8497c8c150530ed11865bb8/iniconfig-2.3.0-py3-none-any.whl", hash = "sha256:f631c04d2c48c52b84d0d0549c99ff3859c98df65b3101406327ecc7d53fbf12", size = 7484, upload-time = "2025-10-18T21:55:41.639Z" },
]

[[package]]
name = "packaging"
version = "26.2"
source = { registry = "https://pypi.org/simple" }
sdist = { url = "https://files.pythonhosted.org/packages/d7/f1/e7a6dd94a8d4a5626c03e4e99c87f241ba9e350cd9e6d75123f992427270/packaging-26.2.tar.gz", hash = "sha256:ff452ff5a3e828ce110190feff1178bb1f2ea2281fa2075aadb987c2fb221661", size = 228134, upload-time = "2026-04-24T20:15:23.917Z" }
wheels = [
    { url = "https://files.pythonhosted.org/packages/df/b2/87e62e8c3e2f4b32e5fe99e0b86d576da1312593b39f47d8ceef365e95ed/packaging-26.2-py3-none-any.whl", hash = "sha256:5fc45236b9446107ff2415ce77c807cee2862cb6fac22b8a73826d0693b0980e", size = 100195, upload-time = "2026-04-24T20:15:22.081Z" },
]

[[package]]
name = "pluggy"
version = "1.6.0"
source = { registry = "https://pypi.org/simple" }
sdist = { url = "https://files.pythonhosted.org/packages/f9/e2/3e91f31a7d2b083fe6ef3fa267035b518369d9511ffab804f839851d2779/pluggy-1.6.0.tar.gz", hash = "sha256:7dcc130b76258d33b90f61b658791dede3486c3e6bfb003ee5c9bfb396dd22f3", size = 69412, upload-time = "2025-05-15T12:30:07.975Z" }
wheels = [
    { url = "https://files.pythonhosted.org/packages/54/20/4d324d65cc6d9205fabedc306948156824eb9f0ee1633355a8f7ec5c66bf/pluggy-1.6.0-py3-none-any.whl", hash = "sha256:e920276dd6813095e9377c0bc5566d94c932c33b27a3e3945d8389c374dd4746", size = 20538, upload-time = "2025-05-15T12:30:06.134Z" },
]

[[package]]
name = "pygments"
version = "2.20.0"
source = { registry = "https://pypi.org/simple" }
sdist = { url = "https://files.pythonhosted.org/packages/c3/b2/bc9c9196916376152d655522fdcebac55e66de6603a76a02bca1b6414f6c/pygments-2.20.0.tar.gz", hash = "sha256:6757cd03768053ff99f3039c1a36d6c0aa0b263438fcab17520b30a303a82b5f", size = 4955991, upload-time = "2026-03-29T13:29:33.898Z" }
wheels = [
    { url = "https://files.pythonhosted.org/packages/f4/7e/a72dd26f3b0f4f2bf1dd8923c85f7ceb43172af56d63c7383eb62b332364/pygments-2.20.0-py3-none-any.whl", hash = "sha256:81a9e26dd42fd28a23a2d169d86d7ac03b46e2f8b59ed4698fb4785f946d0176", size = 1231151, upload-time = "2026-03-29T13:29:30.038Z" },
]

[[package]]
name = "pytest"
version = "9.0.2"
source = { registry = "https://pypi.org/simple" }
dependencies = [
    { name = "colorama", marker = "sys_platform == 'win32'" },
    { name = "iniconfig" },
    { name = "packaging" },
    { name = "pluggy" },
    { name = "pygments" },
]
sdist = { url = "https://files.pythonhosted.org/packages/d1/db/7ef3487e0fb0049ddb5ce41d3a49c235bf9ad299b6a25d5780a89f19230f/pytest-9.0.2.tar.gz", hash = "sha256:75186651a92bd89611d1d9fc20f0b4345fd827c41ccd5c299a868a05d70edf11", size = 1568901, upload-time = "2025-12-06T21:30:51.014Z" }
wheels = [
    { url = "https://files.pythonhosted.org/packages/3b/ab/b3226f0bd7cdcf710fbede2b3548584366da3b19b5021e74f5bde2a8fa3f/pytest-9.0.2-py3-none-any.whl", hash = "sha256:711ffd45bf766d5264d487b917733b453d917afd2b0ad65223959f59089f875b", size = 374801, upload-time = "2025-12-06T21:30:49.154Z" },
]

[[package]]
name = "python-calamine"
version = "0.7.0"
source = { registry = "https://pypi.org/simple" }
sdist = { url = "https://files.pythonhosted.org/packages/ab/0b/81a04d6b50c6761906e5bbb3c23341540dfd072d1826de53f02a2b4e4fe0/python_calamine-0.7.0.tar.gz", hash = "sha256:761fc39ddc22736b261c46888d83649f1ab4207a4e2090f0066f0d09e1a0d691", size = 136922, upload-time = "2026-06-17T07:57:26.3Z" }
wheels = [
    { url = "https://files.pythonhosted.org/packages/12/ef/9d5e11427d74f18ab276949500b9d1b684709383cefd74e5267b2766d006/python_calamine-0.7.0-cp312-cp312-macosx_10_12_x86_64.whl", hash = "sha256:215a69348eb661bfca4a921fd2435f5114f317bcca4a376c708eb7a5432b8c80", size = 873356, upload-time = "2026-06-17T07:55:38.397Z" },
    { url = "https://files.pythonhosted.org/packages/58/c4/8ec10f6cacd42eeadb046c9d1269f3dd9b8c539f2bbd57ccc53e1159c181/python_calamine-0.7.0-cp312-cp312-macosx_11_0_arm64.whl", hash = "sha256:691beff5eb29350365e08dce786a0b234aab1ebcaa9f4e71ad80bfe20c555b4e", size = 861440, upload-time = "2026-06-17T07:55:40.202Z" },
    { url = "https://files.pythonhosted.org/packages/82/f8/d270e4463a60c038930e8db583e919f0a6bc795f67c40a8ea96de0b27212/python_calamine-0.7.0-cp312-cp312-manylinux_2_17_aarch64.manylinux2014_aarch64.whl", hash = "sha256:5428babe897ff1bd3663a1667a1730972f73db7781b6c3e1dd757f036c6d2569", size = 929399, upload-time = "2026-06-17T07:55:42.365Z" },
    { url = "https://files.pythonhosted.org/packages/9b/e2/fc63eee397751d7d0174366d870f441b6a1f9089d2eb278046f6656132cc/python_calamine-0.7.0-cp312-cp312-manylinux_2_17_armv7l.manylinux2014_armv7l.whl", hash = "sha256:30e77c1c6c96b9f19022de76d9b241fd1b0cf4a409ce8cdc59e84e66d3065d02", size = 913259, upload-time = "2026-06-17T07:55:44Z" },
    { url = "https://files.pythonhosted.org/packages/29/a1/a2a294ab7cdd1b29fc04f47c2fb6d599357914002f6692f08a8b081a9499/python_calamine-0.7.0-cp312-cp312-manylinux_2_17_ppc64le.manylinux2014_ppc64le.whl", hash = "sha256:a7c5791803c97826995fec968625dd9456918cdda969a77296c0f1ea2f87aa58", size = 1084348, upload-time = "2026-06-17T07:55:45.5Z" },
    { url = "https://files.pythonhosted.org/packages/c7/e6/e5cc567b18947d554e52fb5f2ec540b1ec271d5a303b0185c32cac587eb0/python_calamine-0.7.0-cp312-cp312-manylinux_2_17_s390x.manylinux2014_s390x.whl", hash = "sha256:b95bee4df16c35f4442db7c7d795a124a611ea9665beb7ea709beff26dff8eab", size = 975506, upload-time = "2026-06-17T07:55:47.141Z" },
    { url = "https://files.pythonhosted.org/packages/b7/c4/35b116c916b510bdfc2cf2b7a6ad511509a6de2e1f9630b86f0de8f816eb/python_calamine-0.7.0-cp312-cp312-manylinux_2_17_x86_64.manylinux2014_x86_64.whl", hash = "sha256:581c3e7135bd30f689294efc174064bc5e6f2b580ac76541845678ffd8d7faf2", size = 952408, upload-time = "2026-06-17T07:55:48.806Z" },
    { url = "https://files.pythonhosted.org/packages/7a/3b/378f720182a6d9dd9930db095afbc058fe2d8af59636205272fc49da9f24/python_calamine-0.7.0-cp312-cp312-manylinux_2_5_i686.manylinux1_i686.whl", hash = "sha256:98e141e7290f43e03583593ab0ad36723ec2460e8d3feaff430be3ba711526b3", size = 997443, upload-time = "2026-06-17T07:55:50.335Z" },
    { url = "https://files.pythonhosted.org/packages/f0/c1/1011e3b6661e06c69e27a5cd6bc9078dd45fdb1ab38dbc65960d8e0a53ef/python_calamine-0.7.0-cp312-cp312-musllinux_1_1_aarch64.whl", hash = "sha256:13e3ed1634c71b4b14fbb0778a5ac6ea703f9298578c03a85d7cc0c4287b8f79", size = 1105758, upload-time = "2026-06-17T07:55:52.113Z" },
    { url = "https://files.pythonhosted.org/packages/83/62/e991f60d768f54bd6170a0cacae44b10436bfc3791ff76db0403741038ed/python_calamine-0.7.0-cp312-cp312-musllinux_1_1_armv7l.whl", hash = "sha256:f184402af4e53a67471dcd928d843de4f29c1e9987c0c730d8ac3da7b11c28a5", size = 1186588, upload-time = "2026-06-17T07:55:53.662Z" },
    { url = "https://files.pythonhosted.org/packages/82/a5/27e50519589e2421abfa7b65bcaec354a74c9226aff8562d628a70685a64/python_calamine-0.7.0-cp312-cp312-musllinux_1_1_x86_64.whl", hash = "sha256:60e921dc08cb92956ce63d81a2efcedce68f7a9e1f5842a05c9293a6f36785a0", size = 1163848, upload-time = "2026-06-17T07:55:55.38Z" },
    { url = "https://files.pythonhosted.org/packages/cc/31/ac8bb30f6b3b4c1541b81e12cc469757b249d01d4ce43b0b0cf50e59a7f5/python_calamine-0.7.0-cp312-cp312-win32.whl", hash = "sha256:a489da3116f90cc4b5c590aa5fe1f5f305f86899ddaddb37f62cd3dfaa20dc32", size = 732098, upload-time = "2026-06-17T07:55:56.999Z" },
    { url = "https://files.pythonhosted.org/packages/5b/c4/27c191f8d0b332a435af7b88caf653a7962da2df6cd64acb7e00ea66f1af/python_calamine-0.7.0-cp312-cp312-win_amd64.whl", hash = "sha256:49f11033d30155b8913c41c324a2199e3eb7a258e9df6713886fd59a7b91fe91", size = 769111, upload-time = "2026-06-17T07:55:58.841Z" },
    { url = "https://files.pythonhosted.org/packages/38/9a/706b90e5ad8a91da6ff168294027e4efe05c39a4c73d37ee961cbb8661a1/python_calamine-0.7.0-cp312-cp312-win_arm64.whl", hash = "sha256:a12bd449f261941744346aa4517ea3eb39801d412a13be0424694a4134425899", size = 751353, upload-time = "2026-06-17T07:56:00.539Z" },
    { url = "https://files.pythonhosted.org/packages/5c/37/2c0afbe1b8fa27027594b099e70bd71dfadefce052ad9f395e20268c4285/python_calamine-0.7.0-cp313-cp313-macosx_10_12_x86_64.whl", hash = "sha256:a69bf13b357f78f68e5e3b696d8e3ea4ee7209eb9a6cac7a311438c278b03637", size = 873134, upload-time = "2026-06-17T07:56:02.288Z" },
    { url = "https://files.pythonhosted.org/packages/06/61/9b302e3c918a46570e506d46893eac172575787ac9dd17b6e3e377d33530/python_calamine-0.7.0-cp313-cp313-macosx_11_0_arm64.whl", hash = "sha256:7f5bd85010c737a3ccb61d62902f349d30cdfaffc182270d19fa90bbba4e307c", size = 861538, upload-time = "2026-06-17T07:56:03.688Z" },
    { url = "https://files.pythonhosted.org/packages/f7/56/84d4ff4782a25cbae9c1b6c1bd3b36010792461e3b6d15c490f09062acd1/python_calamine-0.7.0-cp313-cp313-manylinux_2_17_aarch64.manylinux2014_aarch64.whl", hash = "sha256:93ba2f37f3ac6075f97fbff514797223e881f4d7b7904a905bc7d142286e0ccf", size = 929208, upload-time = "2026-06-17T07:56:05.357Z" },
    { url = "https://files.pythonhosted.org/packages/4d/02/eba7aeb5f1d8500c5ec425c0ea2e354c25221ec4cbef97f878559cda31f7/python_calamine-0.7.0-cp313-cp313-manylinux_2_17_armv7l.manylinux2014_armv7l.whl", hash = "sha256:c60605276a9b83d4728f6436cc7200235f82d292f0a90715020462d0eaca6ed6", size = 912432, upload-time = "2026-06-17T07:56:06.989Z" },
    { url = "https://files.pythonhosted.org/packages/4a/82/a2c169d174ddbaba2efc5b2601b2eca5b29b1b9650a51b1ce73be1f01ec9/python_calamine-0.7.0-cp313-cp313-manylinux_2_17_ppc64le.manylinux2014_ppc64le.whl", hash = "sha256:10bdc6a7bed7181ce84e4c5b47334970817149bbcc59355f2655223418b226cb", size = 1083872, upload-time = "2026-06-17T07:56:08.712Z" },
    { url = "https://files.pythonhosted.org/packages/0f/81/ebe6946c2cab5f124b19241a6f3b6841dceebac46c0c0209c442536308cc/python_calamine-0.7.0-cp313-cp313-manylinux_2_17_s390x.manylinux2014_s390x.whl", hash = "sha256:56a18ff0d8831f21e7cb511f8646ecf8ad9d68f787ef394140acef0e8465b5dc", size = 975152, upload-time = "2026-06-17T07:56:10.303Z" },
    { url = "https://files.pythonhosted.org/packages/33/30/acac11a106b5a6d3478bb037a8cab1a96d233bc6046f205ae95aefde350a/python_calamine-0.7.0-cp313-cp313-manylinux_2_17_x86_64.manylinux2014_x86_64.whl", hash = "sha256:f82b9ba365f16229c1cb5d3a5cac7f9686147b8368dc8234b5c9e177f858b97e", size = 951851, upload-time = "2026-06-17T07:56:12.423Z" },
    { url = "https://files.pythonhosted.org/packages/66/6a/7f19eca7eaaf9570772425ff0c1e2b80fb81cca43f70fee92e73c3092516/python_calamine-0.7.0-cp313-cp313-manylinux_2_5_i686.manylinux1_i686.whl", hash = "sha256:4a1ddeb05f4027f74f66571956fac70ecf233b34f060365399f6f6d442e67716", size = 997224, upload-time = "2026-06-17T07:56:14.252Z" },
    { url = "https://files.pythonhosted.org/packages/29/7f/e07b40b77d730e3d5e8374a815e391a1f06f00057a915ff5ceed3ae1cb66/python_calamine-0.7.0-cp313-cp313-musllinux_1_1_aarch64.whl", hash = "sha256:2f7dae23c6f3b520fb5aa1614c41f949ff7a50e7a809c10afbe6487b0c61e2c5", size = 1105034, upload-time = "2026-06-17T07:56:16.196Z" },
    { url = "https://files.pythonhosted.org/packages/b7/07/1ef0c29ff25fa664b54d383bd3bd3f1ddc4e08ae45685c5c13fbcee9a056/python_calamine-0.7.0-cp313-cp313-musllinux_1_1_armv7l.whl", hash = "sha256:787477d6083d16639d7fb5e8a1f6d482f0a2b774a01ef12d6453781db8fe260c", size = 1185876, upload-time = "2026-06-17T07:56:17.919Z" },
    { url = "https://files.pythonhosted.org/packages/10/5d/ac9e60085b6be34048c6eb907085dda3d5ef7e7e93a475ceb102d5584e1f/python_calamine-0.7.0-cp313-cp313-musllinux_1_1_x86_64.whl", hash = "sha256:f06bf321068544486f17d76a52cd204bc22b78efa705072b6df9daa5275e9e34", size = 1163074, upload-time = "2026-06-17T07:56:19.636Z" },
    { url = "https://files.pythonhosted.org/packages/7a/dc/f7f2f0d54bf399c3f53ea4528079eb713e5a25de4a8c3ba36342ce433670/python_calamine-0.7.0-cp313-cp313-win32.whl", hash = "sha256:a2392b5527ea957974fba68a2c2a82fc7fb43352fb89c937268724d032fbf81b", size = 731927, upload-time = "2026-06-17T07:56:21.321Z" },
    { url = "https://files.pythonhosted.org/packages/a8/20/5acd97f68026c9b87fbf0dc08e55b198fc12b87ce8db45c74b753c6394a1/python_calamine-0.7.0-cp313-cp313-win_amd64.whl", hash = "sha256:ea5a213d525ce491d96c3c4ec2ff640b87ebbc1d0900c5aaefaea21a905925bf", size = 769123, upload-time = "2026-06-17T07:56:22.937Z" },
    { url = "https://files.pythonhosted.org/packages/98/61/7ec51e2cc68b4aaad79f7990a82848a8566473d26cdb34faa969f4854271/python_calamine-0.7.0-cp313-cp313-win_arm64.whl", hash = "sha256:0781d538803bfadd67ca8904d00ec310f4f3018e07c23a15d36bd2f98c60d6e9", size = 751147, upload-time = "2026-06-17T07:56:24.37Z" },
    { url = "https://files.pythonhosted.org/packages/6a/23/33e122924b2393e5cbe303be49fa8986057e2a53de28305c6103b035429e/python_calamine-0.7.0-cp314-cp314-macosx_10_12_x86_64.whl", hash = "sha256:4061912f08ee82fc380969ff661108a00517bb3e42d7f2d876eca8f737183526", size = 874726, upload-time = "2026-06-17T07:56:25.851Z" },
    { url = "https://files.pythonhosted.org/packages/37/e1/1199f6ff2c8f2d09013fa4669c40759ad3992295cd53ed9fcbbdf91f5e24/python_calamine-0.7.0-cp314-cp314-macosx_11_0_arm64.whl", hash = "sha256:734373a08c5adeb3fe20dd855e44eb441613bfe9d38e284c637232ebbc03d40d", size = 861998, upload-time = "2026-06-17T07:56:27.565Z" },
    { url = "https://files.pythonhosted.org/packages/61/24/2088bd4d4934a85c83fdcb744bb2a4b10d5e3fec50b30733bcab4e034f0b/python_calamine-0.7.0-cp314-cp314-manylinux_2_17_aarch64.manylinux2014_aarch64.whl", hash = "sha256:da645a52bab8cc7ff9845cbb210f7067aa3aceed87209d74a178d675aeefb490", size = 932850, upload-time = "2026-06-17T07:56:29.131Z" },
    { url = "https://files.pythonhosted.org/packages/58/de/0338973f6964b5395f2a2909aae9cba5d5199285eed45cfc95da57122a58/python_calamine-0.7.0-cp314-cp314-manylinux_2_17_armv7l.manylinux2014_armv7l.whl", hash = "sha256:6e970ea30bd6f559062ae1c6e3ba5da1f84c06c998f9fda576ae5edd361eff5e", size = 913304, upload-time = "2026-06-17T07:56:30.917Z" },
    { url = "https://files.pythonhosted.org/packages/9a/0f/67e6878b85deac656fcfc4558fa3d89dd8a6829d972740d93e91b397a939/python_calamine-0.7.0-cp314-cp314-manylinux_2_17_ppc64le.manylinux2014_ppc64le.whl", hash = "sha256:bff4b303c370396d3faae00c5ec7ce3a85cb6630b7c22c07808d7df86395fb71", size = 1084456, upload-time = "2026-06-17T07:56:32.801Z" },
    { url = "https://files.pythonhosted.org/packages/44/e8/94de2c7d10b7303d359cbae2f62d624a50ab7971913a49a78c922d1db0e8/python_calamine-0.7.0-cp314-cp314-manylinux_2_17_s390x.manylinux2014_s390x.whl", hash = "sha256:0989b7df34e75b95556180459a8ed5ef22a602897d6a0fe7aa5313e1d01a4585", size = 974767, upload-time = "2026-06-17T07:56:34.419Z" },
    { url = "https://files.pythonhosted.org/packages/df/dd/a4ab9ec12ecaf57fe78852b1baa3d6e8f612a74cac32d129e5f96e6e59b1/python_calamine-0.7.0-cp314-cp314-manylinux_2_17_x86_64.manylinux2014_x86_64.whl", hash = "sha256:c51425f832f3d7cf86e63abbe74acfd3f761a75703af97569acbeb7459cc3627", size = 951954, upload-time = "2026-06-17T07:56:36.189Z" },
    { url = "https://files.pythonhosted.org/packages/d8/d2/5e79a701d0571ddca7c54fb6d2da85ef109e6fa9063270fb60b79e45de4f/python_calamine-0.7.0-cp314-cp314-manylinux_2_5_i686.manylinux1_i686.whl", hash = "sha256:65db9d875e42945d3ac64fdfd80987b853b9c366531ee4b8a5933800b922628c", size = 999603, upload-time = "2026-06-17T07:56:37.887Z" },
    { url = "https://files.pythonhosted.org/packages/f2/44/e1a4f4a8877e4c20c301a2176914919d8a6278e6b40644e6bc6e0be0dcd6/python_calamine-0.7.0-cp314-cp314-musllinux_1_1_aarch64.whl", hash = "sha256:a0767e550aa2105693e2952cae2bc6ac17fe2173e4fe516eeef9ce85a833148d", size = 1108203, upload-time = "2026-06-17T07:56:39.485Z" },
    { url = "https://files.pythonhosted.org/packages/ab/24/59b6bf11920371fcce310f3205806c20a23fc32ff273aad9e4f982299a61/python_calamine-0.7.0-cp314-cp314-musllinux_1_1_armv7l.whl", hash = "sha256:c67bba764b27df79840ca0517c50cde4897a22f6b84581f85d1087cd583991a0", size = 1187103, upload-time = "2026-06-17T07:56:41.142Z" },
    { url = "https://files.pythonhosted.org/packages/5c/01/deb1c9cad4b35600cffd2af71eaba49c7e1362bc044bfc27fe992921bc9f/python_calamine-0.7.0-cp314-cp314-musllinux_1_1_x86_64.whl", hash = "sha256:654640f5ceb59c82380ea6ea464c5a6a135af557ff90da2a10a64ac62a91a4b2", size = 1162619, upload-time = "2026-06-17T07:56:43.436Z" },
    { url = "https://files.pythonhosted.org/packages/80/52/e8079813dbdb4e463c046409614268461330f35deac79a8dc30b79647f25/python_calamine-0.7.0-cp314-cp314-win32.whl", hash = "sha256:0bdc3014368624983f882c7b00499fc99dfa30f101da1fbdd626ab72a7e309b3", size = 718984, upload-time = "2026-06-17T07:56:45.099Z" },
    { url = "https://files.pythonhosted.org/packages/1d/d0/bf756dc64af321a1974c963eace78c46e8321b313a55c04eaf3e9496bad7/python_calamine-0.7.0-cp314-cp314-win_amd64.whl", hash = "sha256:666f37db1793d124308f88d72c24050d30ca23f3a32bb1aee6e3de31055311f7", size = 768366, upload-time = "2026-06-17T07:56:46.662Z" },
    { url = "https://files.pythonhosted.org/packages/e5/74/4659f2add47ff25f537db72b67b9f7d5706c422b642ec35239a1501ffb94/python_calamine-0.7.0-cp314-cp314-win_arm64.whl", hash = "sha256:38d2bed213e6709b1bec388a535e8eb336bc300a6fc2a2081dadb2591f412b93", size = 752638, upload-time = "2026-06-17T07:56:48.231Z" },
    { url = "https://files.pythonhosted.org/packages/fb/ef/b249fa35ed3358b1ba6eb9ec783b1d6f05f07e56daadc1b171a0e040179f/python_calamine-0.7.0-cp314-cp314t-macosx_10_12_x86_64.whl", hash = "sha256:fa6042ad523118f033fcdbfd572c38ef00c235f727fbd3d9ae453d328044bb27", size = 874464, upload-time = "2026-06-17T07:56:50.061Z" },
    { url = "https://files.pythonhosted.org/packages/98/7d/e63ac31f5fc50d90ded95be0e0b94f087ac820f7a4d0a1d75d7367679705/python_calamine-0.7.0-cp314-cp314t-macosx_11_0_arm64.whl", hash = "sha256:1197202d9713c279ee79ac85e93d50f740a9f21704b269414a7b3a0e7be5637b", size = 859533, upload-time = "2026-06-17T07:56:51.66Z" },
    { url = "https://files.pythonhosted.org/packages/0d/dd/d8251893f69c6cbd1bded451f5e0ed6a00227f20173521a8edeb0c7cdb9b/python_calamine-0.7.0-cp314-cp314t-manylinux_2_17_aarch64.manylinux2014_aarch64.whl", hash = "sha256:d0577d7021d54ba578b695b9516e45623f2f4a806286a4f89471da71975366d3", size = 929335, upload-time = "2026-06-17T07:56:53.269Z" },
    { url = "https://files.pythonhosted.org/packages/3f/30/33c35058bb249cc17dfd7f2f8d4f2237e5de3ccf7e3393483f93c2c191ae/python_calamine-0.7.0-cp314-cp314t-manylinux_2_17_armv7l.manylinux2014_armv7l.whl", hash = "sha256:5e74cab8566a91e3ff994f64c90cc239100c89e60a310d95e775eacbf39f1387", size = 915210, upload-time = "2026-06-17T07:56:55.28Z" },
    { url = "https://files.pythonhosted.org/packages/06/10/b0097896bb7f0d628c98e91098bebfdc7814b0c37166298ff1746a2328ea/python_calamine-0.7.0-cp314-cp314t-manylinux_2_17_ppc64le.manylinux2014_ppc64le.whl", hash = "sha256:b9d4ff2695b0b36ec34c019b221335f21cc951172f6c1e3b5b068c993af09df2", size = 1082099, upload-time = "2026-06-17T07:56:56.995Z" },
    { url = "https://files.pythonhosted.org/packages/9e/a3/b19b67b3b4340645f59547a87decb494d79618000e7021951214797b8f64/python_calamine-0.7.0-cp314-cp314t-manylinux_2_17_s390x.manylinux2014_s390x.whl", hash = "sha256:5a9699688b554d8d4ca28a41c0132f2d2b8cddb1a41f64aed5fe3aac410420f0", size = 974138, upload-time = "2026-06-17T07:56:58.871Z" },
    { url = "https://files.pythonhosted.org/packages/46/07/bfef244c49d94a03e0d1039efd49acc59fd5d8f28f1e8219e3abb755062a/python_calamine-0.7.0-cp314-cp314t-manylinux_2_17_x86_64.manylinux2014_x86_64.whl", hash = "sha256:4e8d68592b6f085b940573872738a2b8c5b2d284c2705dfd996f4cf54e8c1305", size = 952227, upload-time = "2026-06-17T07:57:00.476Z" },
    { url = "https://files.pythonhosted.org/packages/67/36/a8c38cbe317571f3504f0436b18439008d994c2c52b6af432e96054c030c/python_calamine-0.7.0-cp314-cp314t-manylinux_2_5_i686.manylinux1_i686.whl", hash = "sha256:2fb0b12533d51c5aaaf41e12cadb69bc2c0c11ac3980cc9e2dbf53f4ae9d1fc4", size = 999381, upload-time = "2026-06-17T07:57:02.147Z" },
    { url = "https://files.pythonhosted.org/packages/73/c0/7400fcb038149ad4235e3619afde169079286134b17f71f58eb48b05796e/python_calamine-0.7.0-cp314-cp314t-musllinux_1_1_aarch64.whl", hash = "sha256:964bd1d97aa31756ec828667770eb1c6743e71d842cd8df55c00936d5adb44e3", size = 1106171, upload-time = "2026-06-17T07:57:03.874Z" },
    { url = "https://files.pythonhosted.org/packages/98/4a/aad7e2e4fc91b5cea93436974691f8a0915ac298f706e8639e9f1ce85bc4/python_calamine-0.7.0-cp314-cp314t-musllinux_1_1_armv7l.whl", hash = "sha256:3b4e1eb11f1a55e115ec128a112ed559386bc6a35870e1e239689184b19b9aad", size = 1189692, upload-time = "2026-06-17T07:57:05.69Z" },
    { url = "https://files.pythonhosted.org/packages/3e/e8/9ddef4984dc5cc011d06a4e949a25559ee725a5eb83e0e639a61d8533945/python_calamine-0.7.0-cp314-cp314t-musllinux_1_1_x86_64.whl", hash = "sha256:b4ed89541b715ba22d853e7ab79b4947dd894bdad1de2baa4d0ed0d8a960c0a5", size = 1163571, upload-time = "2026-06-17T07:57:07.51Z" },
    { url = "https://files.pythonhosted.org/packages/0b/55/35cfd1b76905de5926ee172ca62984ca729229c2617befd3745b36928367/python_calamine-0.7.0-cp314-cp314t-win_amd64.whl", hash = "sha256:fd1a5c751351a6c70a3274dcf980858e6064a919fe2b213d534538c1b593db54", size = 783958, upload-time = "2026-06-17T07:57:09.132Z" },
    { url = "https://files.pythonhosted.org/packages/a0/4b/30fd385a172c194954c16d5975d0a32b3071142e16356fa13c79a56381f9/python_calamine-0.7.0-cp314-cp314t-win_arm64.whl", hash = "sha256:963c24437b6c2508d493d1c4f9e7084394a58dfd764e3a56acfed34a3c1bab38", size = 750748, upload-time = "2026-06-17T07:57:10.906Z" },
]

[[package]]
name = "tennislab"
version = "0.1.0"
source = { editable = "." }
dependencies = [
    { name = "duckdb" },
    { name = "python-calamine" },
]

[package.dev-dependencies]
dev = [
    { name = "pytest" },
]

[package.metadata]
requires-dist = [
    { name = "duckdb", specifier = "==1.4.3" },
    { name = "python-calamine", specifier = "==0.7.0" },
]

[package.metadata.requires-dev]
dev = [{ name = "pytest", specifier = "==9.0.2" }]
